
Microsoft Visual Studio Solution File, Format Version 9.00
# Visual C++ Express 2005
Project("{8BC9CEB8-8B4A-11D0-8D11-00A0C91BC942}") = "ConsoleChat_c", "ConsoleChat_c\ConsoleChat_c.vcproj", "{832E8C68-40A3-400C-BBED-87E5EE5DFCED}"
EndProject
Global
	GlobalSection(SolutionConfigurationPlatforms) = preSolution
		Debug|Win32 = Debug|Win32
		Release|Win32 = Release|Win32
	EndGlobalSection
	GlobalSection(ProjectConfigurationPlatforms) = postSolution
		{832E8C68-40A3-400C-BBED-87E5EE5DFCED}.Debug|Win32.ActiveCfg = Debug|Win32
		{832E8C68-40A3-400C-BBED-87E5EE5DFCED}.Debug|Win32.Build.0 = Debug|Win32
		{832E8C68-40A3-400C-BBED-87E5EE5DFCED}.Release|Win32.ActiveCfg = Release|Win32
		{832E8C68-40A3-400C-BBED-87E5EE5DFCED}.Release|Win32.Build.0 = Release|Win32
	EndGlobalSection
	GlobalSection(SolutionProperties) = preSolution
		HideSolutionNode = FALSE
	EndGlobalSection
EndGlobal
